
Microsoft Visual Studio Solution File, Format Version 12.00
# Visual Studio Version 17
VisualStudioVersion = 17.14.36408.4 d17.14
MinimumVisualStudioVersion = 10.0.40219.1
Project("{FAE04EC0-301F-11D3-BF4B-00C04F79EFBC}") = "COM_Ramen", "COM_Ramen\COM_Ramen.csproj", "{616CEC33-D7C4-45C7-A66A-261ABD77BF69}"
EndProject
Global
	GlobalSection(SolutionConfigurationPlatforms) = preSolution
		Debug|Any CPU = Debug|Any CPU
		Release|Any CPU = Release|Any CPU
	EndGlobalSection
	GlobalSection(ProjectConfigurationPlatforms) = postSolution
		{616CEC33-D7C4-45C7-A66A-261ABD77BF69}.Debug|Any CPU.ActiveCfg = Debug|Any CPU
		{616CEC33-D7C4-45C7-A66A-261ABD77BF69}.Debug|Any CPU.Build.0 = Debug|Any CPU
		{616CEC33-D7C4-45C7-A66A-261ABD77BF69}.Release|Any CPU.ActiveCfg = Release|Any CPU
		{616CEC33-D7C4-45C7-A66A-261ABD77BF69}.Release|Any CPU.Build.0 = Release|Any CPU
	EndGlobalSection
	GlobalSection(SolutionProperties) = preSolution
		HideSolutionNode = FALSE
	EndGlobalSection
	GlobalSection(ExtensibilityGlobals) = postSolution
		SolutionGuid = {48DABC2B-5163-4709-83AB-BA3E4D27AF92}
	EndGlobalSection
EndGlobal
